{
  "pins" : [
    {
      "identity" : "ios-maps-sdk",
      "kind" : "remoteSourceControl",
      "location" : "https://github.com/googlemaps/ios-maps-sdk",
      "state" : {
        "revision" : "c71307e6003e426ceeeaff09f04bbd66bff68b26",
        "version" : "8.3.1"
      }
    }
  ],
  "version" : 2
}
